// !$*UTF8*$!
{
	archiveVersion = 1;
	classes = {
	};
	objectVersion = 46;
	objects = {

/* Begin PBXBuildFile section */
		53527D291E96F5D200C92DFF /* AppDelegate.swift in Sources */ = {isa = PBXBuildFile; fileRef = 53527D281E96F5D200C92DFF /* AppDelegate.swift */; };
		53527D2E1E96F5D200C92DFF /* Main.storyboard in Resources */ = {isa = PBXBuildFile; fileRef = 53527D2C1E96F5D200C92DFF /* Main.storyboard */; };
		53527D311E96F5D200C92DFF /* Tinder_Demo.xcdatamodeld in Sources */ = {isa = PBXBuildFile; fileRef = 53527D2F1E96F5D200C92DFF /* Tinder_Demo.xcdatamodeld */; };
		53527D331E96F5D200C92DFF /* Assets.xcassets in Resources */ = {isa = PBXBuildFile; fileRef = 53527D321E96F5D200C92DFF /* Assets.xcassets */; };
		53527D361E96F5D200C92DFF /* LaunchScreen.storyboard in Resources */ = {isa = PBXBuildFile; fileRef = 53527D341E96F5D200C92DFF /* LaunchScreen.storyboard */; };
		53527D3F1E96F73300C92DFF /* CardsViewController.swift in Sources */ = {isa = PBXBuildFile; fileRef = 53527D3E1E96F73300C92DFF /* CardsViewController.swift */; };
		53527D411E97033300C92DFF /* ProfileViewController.swift in Sources */ = {isa = PBXBuildFile; fileRef = 53527D401E97033300C92DFF /* ProfileViewController.swift */; };
		53527D441E97066300C92DFF /* BaseTransition.swift in Sources */ = {isa = PBXBuildFile; fileRef = 53527D421E97066300C92DFF /* BaseTransition.swift */; };
		53527D451E97066300C92DFF /* FadeTransition.swift in Sources */ = {isa = PBXBuildFile; fileRef = 53527D431E97066300C92DFF /* FadeTransition.swift */; };
		53527D491E9706A600C92DFF /* ImageTransition.swift in Sources */ = {isa = PBXBuildFile; fileRef = 53527D481E9706A600C92DFF /* ImageTransition.swift */; };
/* End PBXBuildFile section */

/* Begin PBXFileReference section */
		53527D251E96F5D200C92DFF /* Tinder Demo.app */ = {isa = PBXFileReference; explicitFileType = wrapper.application; includeInIndex = 0; path = "Tinder Demo.app"; sourceTree = BUILT_PRODUCTS_DIR; };
		53527D281E96F5D200C92DFF /* AppDelegate.swift */ = {isa = PBXFileReference; lastKnownFileType = sourcecode.swift; path = AppDelegate.swift; sourceTree = "<group>"; };
		53527D2D1E96F5D200C92DFF /* Base */ = {isa = PBXFileReference; lastKnownFileType = file.storyboard; name = Base; path = Base.lproj/Main.storyboard; sourceTree = "<group>"; };
		53527D301E96F5D200C92DFF /* Tinder_Demo.xcdatamodel */ = {isa = PBXFileReference; lastKnownFileType = wrapper.xcdatamodel; path = Tinder_Demo.xcdatamodel; sourceTree = "<group>"; };
		53527D321E96F5D200C92DFF /* Assets.xcassets */ = {isa = PBXFileReference; lastKnownFileType = folder.assetcatalog; path = Assets.xcassets; sourceTree = "<group>"; };
		53527D351E96F5D200C92DFF /* Base */ = {isa = PBXFileReference; lastKnownFileType = file.storyboard; name = Base; path = Base.lproj/LaunchScreen.storyboard; sourceTree = "<group>"; };
		53527D371E96F5D200C92DFF /* Info.plist */ = {isa = PBXFileReference; lastKnownFileType = text.plist.xml; path = Info.plist; sourceTree = "<group>"; };
		53527D3E1E96F73300C92DFF /* CardsViewController.swift */ = {isa = PBXFileReference; fileEncoding = 4; lastKnownFileType = sourcecode.swift; path = CardsViewController.swift; sourceTree = "<group>"; };
		53527D401E97033300C92DFF /* ProfileViewController.swift */ = {isa = PBXFileReference; fileEncoding = 4; lastKnownFileType = sourcecode.swift; path = ProfileViewController.swift; sourceTree = "<group>"; };
		53527D421E97066300C92DFF /* BaseTransition.swift */ = {isa = PBXFileReference; fileEncoding = 4; lastKnownFileType = sourcecode.swift; path = BaseTransition.swift; sourceTree = "<group>"; };
		53527D431E97066300C92DFF /* FadeTransition.swift */ = {isa = PBXFileReference; fileEncoding = 4; lastKnownFileType = sourcecode.swift; path = FadeTransition.swift; sourceTree = "<group>"; };
		53527D481E9706A600C92DFF /* ImageTransition.swift */ = {isa = PBXFileReference; fileEncoding = 4; lastKnownFileType = sourcecode.swift; path = ImageTransition.swift; sourceTree = "<group>"; };
/* End PBXFileReference section */

/* Begin PBXFrameworksBuildPhase section */
		53527D221E96F5D200C92DFF /* Frameworks */ = {
			isa = PBXFrameworksBuildPhase;
			buildActionMask = 2147483647;
			files = (
			);
			runOnlyForDeploymentPostprocessing = 0;
		};
/* End PBXFrameworksBuildPhase section */

/* Begin PBXGroup section */
		53527D1C1E96F5D200C92DFF = {
			isa = PBXGroup;
			children = (
				53527D271E96F5D200C92DFF /* Tinder Demo */,
				53527D261E96F5D200C92DFF /* Products */,
			);
			sourceTree = "<group>";
		};
		53527D261E96F5D200C92DFF /* Products */ = {
			isa = PBXGroup;
			children = (
				53527D251E96F5D200C92DFF /* Tinder Demo.app */,
			);
			name = Products;
			sourceTree = "<group>";
		};
		53527D271E96F5D200C92DFF /* Tinder Demo */ = {
			isa = PBXGroup;
			children = (
				53527D281E96F5D200C92DFF /* AppDelegate.swift */,
				53527D2C1E96F5D200C92DFF /* Main.storyboard */,
				53527D321E96F5D200C92DFF /* Assets.xcassets */,
				53527D341E96F5D200C92DFF /* LaunchScreen.storyboard */,
				53527D371E96F5D200C92DFF /* Info.plist */,
				53527D2F1E96F5D200C92DFF /* Tinder_Demo.xcdatamodeld */,
				53527D3E1E96F73300C92DFF /* CardsViewController.swift */,
				53527D401E97033300C92DFF /* ProfileViewController.swift */,
				53527D421E97066300C92DFF /* BaseTransition.swift */,
				53527D431E97066300C92DFF /* FadeTransition.swift */,
				53527D481E9706A600C92DFF /* ImageTransition.swift */,
			);
			path = "Tinder Demo";
			sourceTree = "<group>";
		};
/* End PBXGroup section */

/* Begin PBXNativeTarget section */
		53527D241E96F5D200C92DFF /* Tinder Demo */ = {
			isa = PBXNativeTarget;
			buildConfigurationList = 53527D3A1E96F5D200C92DFF /* Build configuration list for PBXNativeTarget "Tinder Demo" */;
			buildPhases = (
				53527D211E96F5D200C92DFF /* Sources */,
				53527D221E96F5D200C92DFF /* Frameworks */,
				53527D231E96F5D200C92DFF /* Resources */,
			);
			buildRules = (
			);
			dependencies = (
			);
			name = "Tinder Demo";
			productName = "Tinder Demo";
			productReference = 53527D251E96F5D200C92DFF /* Tinder Demo.app */;
			productType = "com.apple.product-type.application";
		};
/* End PBXNativeTarget section */

/* Begin PBXProject section */
		53527D1D1E96F5D200C92DFF /* Project object */ = {
			isa = PBXProject;
			attributes = {
				LastSwiftUpdateCheck = 0830;
				LastUpgradeCheck = 0830;
				ORGANIZATIONNAME = "Jiapei Liang";
				TargetAttributes = {
					53527D241E96F5D200C92DFF = {
						CreatedOnToolsVersion = 8.3;
						DevelopmentTeam = U7XG9JNJ23;
						ProvisioningStyle = Automatic;
					};
				};
			};
			buildConfigurationList = 53527D201E96F5D200C92DFF /* Build configuration list for PBXProject "Tinder Demo" */;
			compatibilityVersion = "Xcode 3.2";
			developmentRegion = English;
			hasScannedForEncodings = 0;
			knownRegions = (
				en,
				Base,
			);
			mainGroup = 53527D1C1E96F5D200C92DFF;
			productRefGroup = 53527D261E96F5D200C92DFF /* Products */;
			projectDirPath = "";
			projectRoot = "";
			targets = (
				53527D241E96F5D200C92DFF /* Tinder Demo */,
			);
		};
/* End PBXProject section */

/* Begin PBXResourcesBuildPhase section */
		53527D231E96F5D200C92DFF /* Resources */ = {
			isa = PBXResourcesBuildPhase;
			buildActionMask = 2147483647;
			files = (
				53527D361E96F5D200C92DFF /* LaunchScreen.storyboard in Resources */,
				53527D331E96F5D200C92DFF /* Assets.xcassets in Resources */,
				53527D2E1E96F5D200C92DFF /* Main.storyboard in Resources */,
			);
			runOnlyForDeploymentPostprocessing = 0;
		};
/* End PBXResourcesBuildPhase section */

/* Begin PBXSourcesBuildPhase section */
		53527D211E96F5D200C92DFF /* Sources */ = {
			isa = PBXSourcesBuildPhase;
			buildActionMask = 2147483647;
			files = (
				53527D291E96F5D200C92DFF /* AppDelegate.swift in Sources */,
				53527D491E9706A600C92DFF /* ImageTransition.swift in Sources */,
				53527D441E97066300C92DFF /* BaseTransition.swift in Sources */,
				53527D311E96F5D200C92DFF /* Tinder_Demo.xcdatamodeld in Sources */,
				53527D411E97033300C92DFF /* ProfileViewController.swift in Sources */,
				53527D451E97066300C92DFF /* FadeTransition.swift in Sources */,
				53527D3F1E96F73300C92DFF /* CardsViewController.swift in Sources */,
			);
			runOnlyForDeploymentPostprocessing = 0;
		};
/* End PBXSourcesBuildPhase section */

/* Begin PBXVariantGroup section */
		53527D2C1E96F5D200C92DFF /* Main.storyboard */ = {
			isa = PBXVariantGroup;
			children = (
				53527D2D1E96F5D200C92DFF /* Base */,
			);
			name = Main.storyboard;
			sourceTree = "<group>";
		};
		53527D341E96F5D200C92DFF /* LaunchScreen.storyboard */ = {
			isa = PBXVariantGroup;
			children = (
				53527D351E96F5D200C92DFF /* Base */,
			);
			name = LaunchScreen.storyboard;
			sourceTree = "<group>";
		};
/* End PBXVariantGroup section */

/* Begin XCBuildConfiguration section */
		53527D381E96F5D200C92DFF /* Debug */ = {
			isa = XCBuildConfiguration;
			buildSettings = {
				ALWAYS_SEARCH_USER_PATHS = NO;
				CLANG_ANALYZER_NONNULL = YES;
				CLANG_ANALYZER_NUMBER_OBJECT_CONVERSION = YES_AGGRESSIVE;
				CLANG_CXX_LANGUAGE_STANDARD = "gnu++0x";
				CLANG_CXX_LIBRARY = "libc++";
				CLANG_ENABLE_MODULES = YES;
				CLANG_ENABLE_OBJC_ARC = YES;
				CLANG_WARN_BOOL_CONVERSION = YES;
				CLANG_WARN_CONSTANT_CONVERSION = YES;
				CLANG_WARN_DIRECT_OBJC_ISA_USAGE = YES_ERROR;
				CLANG_WARN_DOCUMENTATION_COMMENTS = YES;
				CLANG_WARN_EMPTY_BODY = YES;
				CLANG_WARN_ENUM_CONVERSION = YES;
				CLANG_WARN_INFINITE_RECURSION = YES;
				CLANG_WARN_INT_CONVERSION = YES;
				CLANG_WARN_OBJC_ROOT_CLASS = YES_ERROR;
				CLANG_WARN_SUSPICIOUS_MOVE = YES;
				CLANG_WARN_UNREACHABLE_CODE = YES;
				CLANG_WARN__DUPLICATE_METHOD_MATCH = YES;
				"CODE_SIGN_IDENTITY[sdk=iphoneos*]" = "iPhone Developer";
				COPY_PHASE_STRIP = NO;
				DEBUG_INFORMATION_FORMAT = dwarf;
				ENABLE_STRICT_OBJC_MSGSEND = YES;
				ENABLE_TESTABILITY = YES;
				GCC_C_LANGUAGE_STANDARD = gnu99;
				GCC_DYNAMIC_NO_PIC = NO;
				GCC_NO_COMMON_BLOCKS = YES;
				GCC_OPTIMIZATION_LEVEL = 0;
				GCC_PREPROCESSOR_DEFINITIONS = (
					"DEBUG=1",
					"$(inherited)",
				);
				GCC_WARN_64_TO_32_BIT_CONVERSION = YES;
				GCC_WARN_ABOUT_RETURN_TYPE = YES_ERROR;
				GCC_WARN_UNDECLARED_SELECTOR = YES;
				GCC_WARN_UNINITIALIZED_AUTOS = YES_AGGRESSIVE;
				GCC_WARN_UNUSED_FUNCTION = YES;
				GCC_WARN_UNUSED_VARIABLE = YES;
				IPHONEOS_DEPLOYMENT_TARGET = 10.3;
				MTL_ENABLE_DEBUG_INFO = YES;
				ONLY_ACTIVE_ARCH = YES;
				SDKROOT = iphoneos;
				SWIFT_ACTIVE_COMPILATION_CONDITIONS = DEBUG;
				SWIFT_OPTIMIZATION_LEVEL = "-Onone";
			};
			name = Debug;
		};
		53527D391E96F5D200C92DFF /* Release */ = {
			isa = XCBuildConfiguration;
			buildSettings = {
				ALWAYS_SEARCH_USER_PATHS = NO;
				CLANG_ANALYZER_NONNULL = YES;
				CLANG_ANALYZER_NUMBER_OBJECT_CONVERSION = YES_AGGRESSIVE;
				CLANG_CXX_LANGUAGE_STANDARD = "gnu++0x";
				CLANG_CXX_LIBRARY = "libc++";
				CLANG_ENABLE_MODULES = YES;
				CLANG_ENABLE_OBJC_ARC = YES;
				CLANG_WARN_BOOL_CONVERSION = YES;
				CLANG_WARN_CONSTANT_CONVERSION = YES;
				CLANG_WARN_DIRECT_OBJC_ISA_USAGE = YES_ERROR;
				CLANG_WARN_DOCUMENTATION_COMMENTS = YES;
				CLANG_WARN_EMPTY_BODY = YES;
				CLANG_WARN_ENUM_CONVERSION = YES;
				CLANG_WARN_INFINITE_RECURSION = YES;
				CLANG_WARN_INT_CONVERSION = YES;
				CLANG_WARN_OBJC_ROOT_CLASS = YES_ERROR;
				CLANG_WARN_SUSPICIOUS_MOVE = YES;
				CLANG_WARN_UNREACHABLE_CODE = YES;
				CLANG_WARN__DUPLICATE_METHOD_MATCH = YES;
				"CODE_SIGN_IDENTITY[sdk=iphoneos*]" = "iPhone Developer";
				COPY_PHASE_STRIP = NO;
				DEBUG_INFORMATION_FORMAT = "dwarf-with-dsym";
				ENABLE_NS_ASSERTIONS = NO;
				ENABLE_STRICT_OBJC_MSGSEND = YES;
				GCC_C_LANGUAGE_STANDARD = gnu99;
				GCC_NO_COMMON_BLOCKS = YES;
				GCC_WARN_64_TO_32_BIT_CONVERSION = YES;
				GCC_WARN_ABOUT_RETURN_TYPE = YES_ERROR;
				GCC_WARN_UNDECLARED_SELECTOR = YES;
				GCC_WARN_UNINITIALIZED_AUTOS = YES_AGGRESSIVE;
				GCC_WARN_UNUSED_FUNCTION = YES;
				GCC_WARN_UNUSED_VARIABLE = YES;
				IPHONEOS_DEPLOYMENT_TARGET = 10.3;
				MTL_ENABLE_DEBUG_INFO = NO;
				SDKROOT = iphoneos;
				SWIFT_OPTIMIZATION_LEVEL = "-Owholemodule";
				VALIDATE_PRODUCT = YES;
			};
			name = Release;
		};
		53527D3B1E96F5D200C92DFF /* Debug */ = {
			isa = XCBuildConfiguration;
			buildSettings = {
				ASSETCATALOG_COMPILER_APPICON_NAME = AppIcon;
				DEVELOPMENT_TEAM = U7XG9JNJ23;
				INFOPLIST_FILE = "Tinder Demo/Info.plist";
				LD_RUNPATH_SEARCH_PATHS = "$(inherited) @executable_path/Frameworks";
				PRODUCT_BUNDLE_IDENTIFIER = "com.liangjiapei.Tinder-Demo";
				PRODUCT_NAME = "$(TARGET_NAME)";
				SWIFT_VERSION = 3.0;
			};
			name = Debug;
		};
		53527D3C1E96F5D200C92DFF /* Release */ = {
			isa = XCBuildConfiguration;
			buildSettings = {
				ASSETCATALOG_COMPILER_APPICON_NAME = AppIcon;
				DEVELOPMENT_TEAM = U7XG9JNJ23;
				INFOPLIST_FILE = "Tinder Demo/Info.plist";
				LD_RUNPATH_SEARCH_PATHS = "$(inherited) @executable_path/Frameworks";
				PRODUCT_BUNDLE_IDENTIFIER = "com.liangjiapei.Tinder-Demo";
				PRODUCT_NAME = "$(TARGET_NAME)";
				SWIFT_VERSION = 3.0;
			};
			name = Release;
		};
/* End XCBuildConfiguration section */

/* Begin XCConfigurationList section */
		53527D201E96F5D200C92DFF /* Build configuration list for PBXProject "Tinder Demo" */ = {
			isa = XCConfigurationList;
			buildConfigurations = (
				53527D381E96F5D200C92DFF /* Debug */,
				53527D391E96F5D200C92DFF /* Release */,
			);
			defaultConfigurationIsVisible = 0;
			defaultConfigurationName = Release;
		};
		53527D3A1E96F5D200C92DFF /* Build configuration list for PBXNativeTarget "Tinder Demo" */ = {
			isa = XCConfigurationList;
			buildConfigurations = (
				53527D3B1E96F5D200C92DFF /* Debug */,
				53527D3C1E96F5D200C92DFF /* Release */,
			);
			defaultConfigurationIsVisible = 0;
		};
/* End XCConfigurationList section */

/* Begin XCVersionGroup section */
		53527D2F1E96F5D200C92DFF /* Tinder_Demo.xcdatamodeld */ = {
			isa = XCVersionGroup;
			children = (
				53527D301E96F5D200C92DFF /* Tinder_Demo.xcdatamodel */,
			);
			currentVersion = 53527D301E96F5D200C92DFF /* Tinder_Demo.xcdatamodel */;
			path = Tinder_Demo.xcdatamodeld;
			sourceTree = "<group>";
			versionGroupType = wrapper.xcdatamodel;
		};
/* End XCVersionGroup section */
	};
	rootObject = 53527D1D1E96F5D200C92DFF /* Project object */;
}
